// !$*UTF8*$!
{
	archiveVersion = 1;
	classes = {
	};
	objectVersion = 50;
	objects = {

/* Begin PBXBuildFile section */
		A6091FF325D5BFC100E905B9 /* AppDelegate.swift in Sources */ = {isa = PBXBuildFile; fileRef = A6091FF225D5BFC100E905B9 /* AppDelegate.swift */; };
		A6091FF725D5BFC100E905B9 /* ViewController.swift in Sources */ = {isa = PBXBuildFile; fileRef = A6091FF625D5BFC100E905B9 /* ViewController.swift */; };
		A6091FFA25D5BFC100E905B9 /* Main.storyboard in Resources */ = {isa = PBXBuildFile; fileRef = A6091FF825D5BFC100E905B9 /* Main.storyboard */; };
		A6091FFC25D5BFC500E905B9 /* Assets.xcassets in Resources */ = {isa = PBXBuildFile; fileRef = A6091FFB25D5BFC500E905B9 /* Assets.xcassets */; };
		A6091FFF25D5BFC500E905B9 /* LaunchScreen.storyboard in Resources */ = {isa = PBXBuildFile; fileRef = A6091FFD25D5BFC500E905B9 /* LaunchScreen.storyboard */; };
		A609200A25D5BFC500E905B9 /* CodecovDemoTests.swift in Sources */ = {isa = PBXBuildFile; fileRef = A609200925D5BFC500E905B9 /* CodecovDemoTests.swift */; };
		A609201525D5BFC500E905B9 /* CodecovDemoUITests.swift in Sources */ = {isa = PBXBuildFile; fileRef = A609201425D5BFC500E905B9 /* CodecovDemoUITests.swift */; };
		A609202925D5C04200E905B9 /* Person.swift in Sources */ = {isa = PBXBuildFile; fileRef = A609202825D5C04200E905B9 /* Person.swift */; };
		A609202A25D5C04200E905B9 /* Person.swift in Sources */ = {isa = PBXBuildFile; fileRef = A609202825D5C04200E905B9 /* Person.swift */; };
/* End PBXBuildFile section */

/* Begin PBXContainerItemProxy section */
		A609200625D5BFC500E905B9 /* PBXContainerItemProxy */ = {
			isa = PBXContainerItemProxy;
			containerPortal = A6091FE725D5BFC100E905B9 /* Project object */;
			proxyType = 1;
			remoteGlobalIDString = A6091FEE25D5BFC100E905B9;
			remoteInfo = CodecovDemo;
		};
		A609201125D5BFC500E905B9 /* PBXContainerItemProxy */ = {
			isa = PBXContainerItemProxy;
			containerPortal = A6091FE725D5BFC100E905B9 /* Project object */;
			proxyType = 1;
			remoteGlobalIDString = A6091FEE25D5BFC100E905B9;
			remoteInfo = CodecovDemo;
		};
/* End PBXContainerItemProxy section */

/* Begin PBXFileReference section */
		A6091FEF25D5BFC100E905B9 /* CodecovDemo.app */ = {isa = PBXFileReference; explicitFileType = wrapper.application; includeInIndex = 0; path = CodecovDemo.app; sourceTree = BUILT_PRODUCTS_DIR; };
		A6091FF225D5BFC100E905B9 /* AppDelegate.swift */ = {isa = PBXFileReference; lastKnownFileType = sourcecode.swift; path = AppDelegate.swift; sourceTree = "<group>"; };
		A6091FF625D5BFC100E905B9 /* ViewController.swift */ = {isa = PBXFileReference; lastKnownFileType = sourcecode.swift; path = ViewController.swift; sourceTree = "<group>"; };
		A6091FF925D5BFC100E905B9 /* Base */ = {isa = PBXFileReference; lastKnownFileType = file.storyboard; name = Base; path = Base.lproj/Main.storyboard; sourceTree = "<group>"; };
		A6091FFB25D5BFC500E905B9 /* Assets.xcassets */ = {isa = PBXFileReference; lastKnownFileType = folder.assetcatalog; path = Assets.xcassets; sourceTree = "<group>"; };
		A6091FFE25D5BFC500E905B9 /* Base */ = {isa = PBXFileReference; lastKnownFileType = file.storyboard; name = Base; path = Base.lproj/LaunchScreen.storyboard; sourceTree = "<group>"; };
		A609200025D5BFC500E905B9 /* Info.plist */ = {isa = PBXFileReference; lastKnownFileType = text.plist.xml; path = Info.plist; sourceTree = "<group>"; };
		A609200525D5BFC500E905B9 /* CodecovDemoTests.xctest */ = {isa = PBXFileReference; explicitFileType = wrapper.cfbundle; includeInIndex = 0; path = CodecovDemoTests.xctest; sourceTree = BUILT_PRODUCTS_DIR; };
		A609200925D5BFC500E905B9 /* CodecovDemoTests.swift */ = {isa = PBXFileReference; lastKnownFileType = sourcecode.swift; path = CodecovDemoTests.swift; sourceTree = "<group>"; };
		A609200B25D5BFC500E905B9 /* Info.plist */ = {isa = PBXFileReference; lastKnownFileType = text.plist.xml; path = Info.plist; sourceTree = "<group>"; };
		A609201025D5BFC500E905B9 /* CodecovDemoUITests.xctest */ = {isa = PBXFileReference; explicitFileType = wrapper.cfbundle; includeInIndex = 0; path = CodecovDemoUITests.xctest; sourceTree = BUILT_PRODUCTS_DIR; };
		A609201425D5BFC500E905B9 /* CodecovDemoUITests.swift */ = {isa = PBXFileReference; lastKnownFileType = sourcecode.swift; path = CodecovDemoUITests.swift; sourceTree = "<group>"; };
		A609201625D5BFC500E905B9 /* Info.plist */ = {isa = PBXFileReference; lastKnownFileType = text.plist.xml; path = Info.plist; sourceTree = "<group>"; };
		A609202825D5C04200E905B9 /* Person.swift */ = {isa = PBXFileReference; lastKnownFileType = sourcecode.swift; path = Person.swift; sourceTree = "<group>"; };
/* End PBXFileReference section */

/* Begin PBXFrameworksBuildPhase section */
		A6091FEC25D5BFC100E905B9 /* Frameworks */ = {
			isa = PBXFrameworksBuildPhase;
			buildActionMask = 2147483647;
			files = (
			);
			runOnlyForDeploymentPostprocessing = 0;
		};
		A609200225D5BFC500E905B9 /* Frameworks */ = {
			isa = PBXFrameworksBuildPhase;
			buildActionMask = 2147483647;
			files = (
			);
			runOnlyForDeploymentPostprocessing = 0;
		};
		A609200D25D5BFC500E905B9 /* Frameworks */ = {
			isa = PBXFrameworksBuildPhase;
			buildActionMask = 2147483647;
			files = (
			);
			runOnlyForDeploymentPostprocessing = 0;
		};
/* End PBXFrameworksBuildPhase section */

/* Begin PBXGroup section */
		A6091FE625D5BFC100E905B9 = {
			isa = PBXGroup;
			children = (
				A6091FF125D5BFC100E905B9 /* CodecovDemo */,
				A609200825D5BFC500E905B9 /* CodecovDemoTests */,
				A609201325D5BFC500E905B9 /* CodecovDemoUITests */,
				A6091FF025D5BFC100E905B9 /* Products */,
			);
			sourceTree = "<group>";
		};
		A6091FF025D5BFC100E905B9 /* Products */ = {
			isa = PBXGroup;
			children = (
				A6091FEF25D5BFC100E905B9 /* CodecovDemo.app */,
				A609200525D5BFC500E905B9 /* CodecovDemoTests.xctest */,
				A609201025D5BFC500E905B9 /* CodecovDemoUITests.xctest */,
			);
			name = Products;
			sourceTree = "<group>";
		};
		A6091FF125D5BFC100E905B9 /* CodecovDemo */ = {
			isa = PBXGroup;
			children = (
				A6091FF225D5BFC100E905B9 /* AppDelegate.swift */,
				A6091FF625D5BFC100E905B9 /* ViewController.swift */,
				A6091FF825D5BFC100E905B9 /* Main.storyboard */,
				A6091FFB25D5BFC500E905B9 /* Assets.xcassets */,
				A6091FFD25D5BFC500E905B9 /* LaunchScreen.storyboard */,
				A609200025D5BFC500E905B9 /* Info.plist */,
				A609202825D5C04200E905B9 /* Person.swift */,
			);
			path = CodecovDemo;
			sourceTree = "<group>";
		};
		A609200825D5BFC500E905B9 /* CodecovDemoTests */ = {
			isa = PBXGroup;
			children = (
				A609200925D5BFC500E905B9 /* CodecovDemoTests.swift */,
				A609200B25D5BFC500E905B9 /* Info.plist */,
			);
			path = CodecovDemoTests;
			sourceTree = "<group>";
		};
		A609201325D5BFC500E905B9 /* CodecovDemoUITests */ = {
			isa = PBXGroup;
			children = (
				A609201425D5BFC500E905B9 /* CodecovDemoUITests.swift */,
				A609201625D5BFC500E905B9 /* Info.plist */,
			);
			path = CodecovDemoUITests;
			sourceTree = "<group>";
		};
/* End PBXGroup section */

/* Begin PBXNativeTarget section */
		A6091FEE25D5BFC100E905B9 /* CodecovDemo */ = {
			isa = PBXNativeTarget;
			buildConfigurationList = A609201925D5BFC500E905B9 /* Build configuration list for PBXNativeTarget "CodecovDemo" */;
			buildPhases = (
				A6091FEB25D5BFC100E905B9 /* Sources */,
				A6091FEC25D5BFC100E905B9 /* Frameworks */,
				A6091FED25D5BFC100E905B9 /* Resources */,
			);
			buildRules = (
			);
			dependencies = (
			);
			name = CodecovDemo;
			productName = CodecovDemo;
			productReference = A6091FEF25D5BFC100E905B9 /* CodecovDemo.app */;
			productType = "com.apple.product-type.application";
		};
		A609200425D5BFC500E905B9 /* CodecovDemoTests */ = {
			isa = PBXNativeTarget;
			buildConfigurationList = A609201C25D5BFC500E905B9 /* Build configuration list for PBXNativeTarget "CodecovDemoTests" */;
			buildPhases = (
				A609200125D5BFC500E905B9 /* Sources */,
				A609200225D5BFC500E905B9 /* Frameworks */,
				A609200325D5BFC500E905B9 /* Resources */,
			);
			buildRules = (
			);
			dependencies = (
				A609200725D5BFC500E905B9 /* PBXTargetDependency */,
			);
			name = CodecovDemoTests;
			productName = CodecovDemoTests;
			productReference = A609200525D5BFC500E905B9 /* CodecovDemoTests.xctest */;
			productType = "com.apple.product-type.bundle.unit-test";
		};
		A609200F25D5BFC500E905B9 /* CodecovDemoUITests */ = {
			isa = PBXNativeTarget;
			buildConfigurationList = A609201F25D5BFC500E905B9 /* Build configuration list for PBXNativeTarget "CodecovDemoUITests" */;
			buildPhases = (
				A609200C25D5BFC500E905B9 /* Sources */,
				A609200D25D5BFC500E905B9 /* Frameworks */,
				A609200E25D5BFC500E905B9 /* Resources */,
			);
			buildRules = (
			);
			dependencies = (
				A609201225D5BFC500E905B9 /* PBXTargetDependency */,
			);
			name = CodecovDemoUITests;
			productName = CodecovDemoUITests;
			productReference = A609201025D5BFC500E905B9 /* CodecovDemoUITests.xctest */;
			productType = "com.apple.product-type.bundle.ui-testing";
		};
/* End PBXNativeTarget section */

/* Begin PBXProject section */
		A6091FE725D5BFC100E905B9 /* Project object */ = {
			isa = PBXProject;
			attributes = {
				LastSwiftUpdateCheck = 1230;
				LastUpgradeCheck = 1230;
				TargetAttributes = {
					A6091FEE25D5BFC100E905B9 = {
						CreatedOnToolsVersion = 12.3;
					};
					A609200425D5BFC500E905B9 = {
						CreatedOnToolsVersion = 12.3;
						TestTargetID = A6091FEE25D5BFC100E905B9;
					};
					A609200F25D5BFC500E905B9 = {
						CreatedOnToolsVersion = 12.3;
						TestTargetID = A6091FEE25D5BFC100E905B9;
					};
				};
			};
			buildConfigurationList = A6091FEA25D5BFC100E905B9 /* Build configuration list for PBXProject "CodecovDemo" */;
			compatibilityVersion = "Xcode 9.3";
			developmentRegion = en;
			hasScannedForEncodings = 0;
			knownRegions = (
				en,
				Base,
			);
			mainGroup = A6091FE625D5BFC100E905B9;
			productRefGroup = A6091FF025D5BFC100E905B9 /* Products */;
			projectDirPath = "";
			projectRoot = "";
			targets = (
				A6091FEE25D5BFC100E905B9 /* CodecovDemo */,
				A609200425D5BFC500E905B9 /* CodecovDemoTests */,
				A609200F25D5BFC500E905B9 /* CodecovDemoUITests */,
			);
		};
/* End PBXProject section */

/* Begin PBXResourcesBuildPhase section */
		A6091FED25D5BFC100E905B9 /* Resources */ = {
			isa = PBXResourcesBuildPhase;
			buildActionMask = 2147483647;
			files = (
				A6091FFF25D5BFC500E905B9 /* LaunchScreen.storyboard in Resources */,
				A6091FFC25D5BFC500E905B9 /* Assets.xcassets in Resources */,
				A6091FFA25D5BFC100E905B9 /* Main.storyboard in Resources */,
			);
			runOnlyForDeploymentPostprocessing = 0;
		};
		A609200325D5BFC500E905B9 /* Resources */ = {
			isa = PBXResourcesBuildPhase;
			buildActionMask = 2147483647;
			files = (
			);
			runOnlyForDeploymentPostprocessing = 0;
		};
		A609200E25D5BFC500E905B9 /* Resources */ = {
			isa = PBXResourcesBuildPhase;
			buildActionMask = 2147483647;
			files = (
			);
			runOnlyForDeploymentPostprocessing = 0;
		};
/* End PBXResourcesBuildPhase section */

/* Begin PBXSourcesBuildPhase section */
		A6091FEB25D5BFC100E905B9 /* Sources */ = {
			isa = PBXSourcesBuildPhase;
			buildActionMask = 2147483647;
			files = (
				A609202925D5C04200E905B9 /* Person.swift in Sources */,
				A6091FF725D5BFC100E905B9 /* ViewController.swift in Sources */,
				A6091FF325D5BFC100E905B9 /* AppDelegate.swift in Sources */,
			);
			runOnlyForDeploymentPostprocessing = 0;
		};
		A609200125D5BFC500E905B9 /* Sources */ = {
			isa = PBXSourcesBuildPhase;
			buildActionMask = 2147483647;
			files = (
				A609202A25D5C04200E905B9 /* Person.swift in Sources */,
				A609200A25D5BFC500E905B9 /* CodecovDemoTests.swift in Sources */,
			);
			runOnlyForDeploymentPostprocessing = 0;
		};
		A609200C25D5BFC500E905B9 /* Sources */ = {
			isa = PBXSourcesBuildPhase;
			buildActionMask = 2147483647;
			files = (
				A609201525D5BFC500E905B9 /* CodecovDemoUITests.swift in Sources */,
			);
			runOnlyForDeploymentPostprocessing = 0;
		};
/* End PBXSourcesBuildPhase section */

/* Begin PBXTargetDependency section */
		A609200725D5BFC500E905B9 /* PBXTargetDependency */ = {
			isa = PBXTargetDependency;
			target = A6091FEE25D5BFC100E905B9 /* CodecovDemo */;
			targetProxy = A609200625D5BFC500E905B9 /* PBXContainerItemProxy */;
		};
		A609201225D5BFC500E905B9 /* PBXTargetDependency */ = {
			isa = PBXTargetDependency;
			target = A6091FEE25D5BFC100E905B9 /* CodecovDemo */;
			targetProxy = A609201125D5BFC500E905B9 /* PBXContainerItemProxy */;
		};
/* End PBXTargetDependency section */

/* Begin PBXVariantGroup section */
		A6091FF825D5BFC100E905B9 /* Main.storyboard */ = {
			isa = PBXVariantGroup;
			children = (
				A6091FF925D5BFC100E905B9 /* Base */,
			);
			name = Main.storyboard;
			sourceTree = "<group>";
		};
		A6091FFD25D5BFC500E905B9 /* LaunchScreen.storyboard */ = {
			isa = PBXVariantGroup;
			children = (
				A6091FFE25D5BFC500E905B9 /* Base */,
			);
			name = LaunchScreen.storyboard;
			sourceTree = "<group>";
		};
/* End PBXVariantGroup section */

/* Begin XCBuildConfiguration section */
		A609201725D5BFC500E905B9 /* Debug */ = {
			isa = XCBuildConfiguration;
			buildSettings = {
				ALWAYS_SEARCH_USER_PATHS = NO;
				CLANG_ANALYZER_NONNULL = YES;
				CLANG_ANALYZER_NUMBER_OBJECT_CONVERSION = YES_AGGRESSIVE;
				CLANG_CXX_LANGUAGE_STANDARD = "gnu++14";
				CLANG_CXX_LIBRARY = "libc++";
				CLANG_ENABLE_MODULES = YES;
				CLANG_ENABLE_OBJC_ARC = YES;
				CLANG_ENABLE_OBJC_WEAK = YES;
				CLANG_WARN_BLOCK_CAPTURE_AUTORELEASING = YES;
				CLANG_WARN_BOOL_CONVERSION = YES;
				CLANG_WARN_COMMA = YES;
				CLANG_WARN_CONSTANT_CONVERSION = YES;
				CLANG_WARN_DEPRECATED_OBJC_IMPLEMENTATIONS = YES;
				CLANG_WARN_DIRECT_OBJC_ISA_USAGE = YES_ERROR;
				CLANG_WARN_DOCUMENTATION_COMMENTS = YES;
				CLANG_WARN_EMPTY_BODY = YES;
				CLANG_WARN_ENUM_CONVERSION = YES;
				CLANG_WARN_INFINITE_RECURSION = YES;
				CLANG_WARN_INT_CONVERSION = YES;
				CLANG_WARN_NON_LITERAL_NULL_CONVERSION = YES;
				CLANG_WARN_OBJC_IMPLICIT_RETAIN_SELF = YES;
				CLANG_WARN_OBJC_LITERAL_CONVERSION = YES;
				CLANG_WARN_OBJC_ROOT_CLASS = YES_ERROR;
				CLANG_WARN_QUOTED_INCLUDE_IN_FRAMEWORK_HEADER = YES;
				CLANG_WARN_RANGE_LOOP_ANALYSIS = YES;
				CLANG_WARN_STRICT_PROTOTYPES = YES;
				CLANG_WARN_SUSPICIOUS_MOVE = YES;
				CLANG_WARN_UNGUARDED_AVAILABILITY = YES_AGGRESSIVE;
				CLANG_WARN_UNREACHABLE_CODE = YES;
				CLANG_WARN__DUPLICATE_METHOD_MATCH = YES;
				COPY_PHASE_STRIP = NO;
				DEBUG_INFORMATION_FORMAT = dwarf;
				ENABLE_STRICT_OBJC_MSGSEND = YES;
				ENABLE_TESTABILITY = YES;
				GCC_C_LANGUAGE_STANDARD = gnu11;
				GCC_DYNAMIC_NO_PIC = NO;
				GCC_NO_COMMON_BLOCKS = YES;
				GCC_OPTIMIZATION_LEVEL = 0;
				GCC_PREPROCESSOR_DEFINITIONS = (
					"DEBUG=1",
					"$(inherited)",
				);
				GCC_WARN_64_TO_32_BIT_CONVERSION = YES;
				GCC_WARN_ABOUT_RETURN_TYPE = YES_ERROR;
				GCC_WARN_UNDECLARED_SELECTOR = YES;
				GCC_WARN_UNINITIALIZED_AUTOS = YES_AGGRESSIVE;
				GCC_WARN_UNUSED_FUNCTION = YES;
				GCC_WARN_UNUSED_VARIABLE = YES;
				IPHONEOS_DEPLOYMENT_TARGET = 14.3;
				MTL_ENABLE_DEBUG_INFO = INCLUDE_SOURCE;
				MTL_FAST_MATH = YES;
				ONLY_ACTIVE_ARCH = YES;
				SDKROOT = iphoneos;
				SWIFT_ACTIVE_COMPILATION_CONDITIONS = DEBUG;
				SWIFT_OPTIMIZATION_LEVEL = "-Onone";
			};
			name = Debug;
		};
		A609201825D5BFC500E905B9 /* Release */ = {
			isa = XCBuildConfiguration;
			buildSettings = {
				ALWAYS_SEARCH_USER_PATHS = NO;
				CLANG_ANALYZER_NONNULL = YES;
				CLANG_ANALYZER_NUMBER_OBJECT_CONVERSION = YES_AGGRESSIVE;
				CLANG_CXX_LANGUAGE_STANDARD = "gnu++14";
				CLANG_CXX_LIBRARY = "libc++";
				CLANG_ENABLE_MODULES = YES;
				CLANG_ENABLE_OBJC_ARC = YES;
				CLANG_ENABLE_OBJC_WEAK = YES;
				CLANG_WARN_BLOCK_CAPTURE_AUTORELEASING = YES;
				CLANG_WARN_BOOL_CONVERSION = YES;
				CLANG_WARN_COMMA = YES;
				CLANG_WARN_CONSTANT_CONVERSION = YES;
				CLANG_WARN_DEPRECATED_OBJC_IMPLEMENTATIONS = YES;
				CLANG_WARN_DIRECT_OBJC_ISA_USAGE = YES_ERROR;
				CLANG_WARN_DOCUMENTATION_COMMENTS = YES;
				CLANG_WARN_EMPTY_BODY = YES;
				CLANG_WARN_ENUM_CONVERSION = YES;
				CLANG_WARN_INFINITE_RECURSION = YES;
				CLANG_WARN_INT_CONVERSION = YES;
				CLANG_WARN_NON_LITERAL_NULL_CONVERSION = YES;
				CLANG_WARN_OBJC_IMPLICIT_RETAIN_SELF = YES;
				CLANG_WARN_OBJC_LITERAL_CONVERSION = YES;
				CLANG_WARN_OBJC_ROOT_CLASS = YES_ERROR;
				CLANG_WARN_QUOTED_INCLUDE_IN_FRAMEWORK_HEADER = YES;
				CLANG_WARN_RANGE_LOOP_ANALYSIS = YES;
				CLANG_WARN_STRICT_PROTOTYPES = YES;
				CLANG_WARN_SUSPICIOUS_MOVE = YES;
				CLANG_WARN_UNGUARDED_AVAILABILITY = YES_AGGRESSIVE;
				CLANG_WARN_UNREACHABLE_CODE = YES;
				CLANG_WARN__DUPLICATE_METHOD_MATCH = YES;
				COPY_PHASE_STRIP = NO;
				DEBUG_INFORMATION_FORMAT = "dwarf-with-dsym";
				ENABLE_NS_ASSERTIONS = NO;
				ENABLE_STRICT_OBJC_MSGSEND = YES;
				GCC_C_LANGUAGE_STANDARD = gnu11;
				GCC_NO_COMMON_BLOCKS = YES;
				GCC_WARN_64_TO_32_BIT_CONVERSION = YES;
				GCC_WARN_ABOUT_RETURN_TYPE = YES_ERROR;
				GCC_WARN_UNDECLARED_SELECTOR = YES;
				GCC_WARN_UNINITIALIZED_AUTOS = YES_AGGRESSIVE;
				GCC_WARN_UNUSED_FUNCTION = YES;
				GCC_WARN_UNUSED_VARIABLE = YES;
				IPHONEOS_DEPLOYMENT_TARGET = 14.3;
				MTL_ENABLE_DEBUG_INFO = NO;
				MTL_FAST_MATH = YES;
				SDKROOT = iphoneos;
				SWIFT_COMPILATION_MODE = wholemodule;
				SWIFT_OPTIMIZATION_LEVEL = "-O";
				VALIDATE_PRODUCT = YES;
			};
			name = Release;
		};
		A609201A25D5BFC500E905B9 /* Debug */ = {
			isa = XCBuildConfiguration;
			buildSettings = {
				ASSETCATALOG_COMPILER_APPICON_NAME = AppIcon;
				ASSETCATALOG_COMPILER_GLOBAL_ACCENT_COLOR_NAME = AccentColor;
				CODE_SIGN_STYLE = Automatic;
				DEVELOPMENT_TEAM = H65ZHJ69J6;
				INFOPLIST_FILE = CodecovDemo/Info.plist;
				LD_RUNPATH_SEARCH_PATHS = (
					"$(inherited)",
					"@executable_path/Frameworks",
				);
				PRODUCT_BUNDLE_IDENTIFIER = com.grace.CodecovDemo;
				PRODUCT_NAME = "$(TARGET_NAME)";
				SWIFT_VERSION = 5.0;
				TARGETED_DEVICE_FAMILY = "1,2";
			};
			name = Debug;
		};
		A609201B25D5BFC500E905B9 /* Release */ = {
			isa = XCBuildConfiguration;
			buildSettings = {
				ASSETCATALOG_COMPILER_APPICON_NAME = AppIcon;
				ASSETCATALOG_COMPILER_GLOBAL_ACCENT_COLOR_NAME = AccentColor;
				CODE_SIGN_STYLE = Automatic;
				DEVELOPMENT_TEAM = H65ZHJ69J6;
				INFOPLIST_FILE = CodecovDemo/Info.plist;
				LD_RUNPATH_SEARCH_PATHS = (
					"$(inherited)",
					"@executable_path/Frameworks",
				);
				PRODUCT_BUNDLE_IDENTIFIER = com.grace.CodecovDemo;
				PRODUCT_NAME = "$(TARGET_NAME)";
				SWIFT_VERSION = 5.0;
				TARGETED_DEVICE_FAMILY = "1,2";
			};
			name = Release;
		};
		A609201D25D5BFC500E905B9 /* Debug */ = {
			isa = XCBuildConfiguration;
			buildSettings = {
				ALWAYS_EMBED_SWIFT_STANDARD_LIBRARIES = YES;
				BUNDLE_LOADER = "$(TEST_HOST)";
				CODE_SIGN_STYLE = Automatic;
				DEVELOPMENT_TEAM = H65ZHJ69J6;
				INFOPLIST_FILE = CodecovDemoTests/Info.plist;
				IPHONEOS_DEPLOYMENT_TARGET = 14.3;
				LD_RUNPATH_SEARCH_PATHS = (
					"$(inherited)",
					"@executable_path/Frameworks",
					"@loader_path/Frameworks",
				);
				PRODUCT_BUNDLE_IDENTIFIER = com.grace.CodecovDemoTests;
				PRODUCT_NAME = "$(TARGET_NAME)";
				SWIFT_VERSION = 5.0;
				TARGETED_DEVICE_FAMILY = "1,2";
				TEST_HOST = "$(BUILT_PRODUCTS_DIR)/CodecovDemo.app/CodecovDemo";
			};
			name = Debug;
		};
		A609201E25D5BFC500E905B9 /* Release */ = {
			isa = XCBuildConfiguration;
			buildSettings = {
				ALWAYS_EMBED_SWIFT_STANDARD_LIBRARIES = YES;
				BUNDLE_LOADER = "$(TEST_HOST)";
				CODE_SIGN_STYLE = Automatic;
				DEVELOPMENT_TEAM = H65ZHJ69J6;
				INFOPLIST_FILE = CodecovDemoTests/Info.plist;
				IPHONEOS_DEPLOYMENT_TARGET = 14.3;
				LD_RUNPATH_SEARCH_PATHS = (
					"$(inherited)",
					"@executable_path/Frameworks",
					"@loader_path/Frameworks",
				);
				PRODUCT_BUNDLE_IDENTIFIER = com.grace.CodecovDemoTests;
				PRODUCT_NAME = "$(TARGET_NAME)";
				SWIFT_VERSION = 5.0;
				TARGETED_DEVICE_FAMILY = "1,2";
				TEST_HOST = "$(BUILT_PRODUCTS_DIR)/CodecovDemo.app/CodecovDemo";
			};
			name = Release;
		};
		A609202025D5BFC500E905B9 /* Debug */ = {
			isa = XCBuildConfiguration;
			buildSettings = {
				ALWAYS_EMBED_SWIFT_STANDARD_LIBRARIES = YES;
				CODE_SIGN_STYLE = Automatic;
				DEVELOPMENT_TEAM = H65ZHJ69J6;
				INFOPLIST_FILE = CodecovDemoUITests/Info.plist;
				LD_RUNPATH_SEARCH_PATHS = (
					"$(inherited)",
					"@executable_path/Frameworks",
					"@loader_path/Frameworks",
				);
				PRODUCT_BUNDLE_IDENTIFIER = com.grace.CodecovDemoUITests;
				PRODUCT_NAME = "$(TARGET_NAME)";
				SWIFT_VERSION = 5.0;
				TARGETED_DEVICE_FAMILY = "1,2";
				TEST_TARGET_NAME = CodecovDemo;
			};
			name = Debug;
		};
		A609202125D5BFC500E905B9 /* Release */ = {
			isa = XCBuildConfiguration;
			buildSettings = {
				ALWAYS_EMBED_SWIFT_STANDARD_LIBRARIES = YES;
				CODE_SIGN_STYLE = Automatic;
				DEVELOPMENT_TEAM = H65ZHJ69J6;
				INFOPLIST_FILE = CodecovDemoUITests/Info.plist;
				LD_RUNPATH_SEARCH_PATHS = (
					"$(inherited)",
					"@executable_path/Frameworks",
					"@loader_path/Frameworks",
				);
				PRODUCT_BUNDLE_IDENTIFIER = com.grace.CodecovDemoUITests;
				PRODUCT_NAME = "$(TARGET_NAME)";
				SWIFT_VERSION = 5.0;
				TARGETED_DEVICE_FAMILY = "1,2";
				TEST_TARGET_NAME = CodecovDemo;
			};
			name = Release;
		};
/* End XCBuildConfiguration section */

/* Begin XCConfigurationList section */
		A6091FEA25D5BFC100E905B9 /* Build configuration list for PBXProject "CodecovDemo" */ = {
			isa = XCConfigurationList;
			buildConfigurations = (
				A609201725D5BFC500E905B9 /* Debug */,
				A609201825D5BFC500E905B9 /* Release */,
			);
			defaultConfigurationIsVisible = 0;
			defaultConfigurationName = Release;
		};
		A609201925D5BFC500E905B9 /* Build configuration list for PBXNativeTarget "CodecovDemo" */ = {
			isa = XCConfigurationList;
			buildConfigurations = (
				A609201A25D5BFC500E905B9 /* Debug */,
				A609201B25D5BFC500E905B9 /* Release */,
			);
			defaultConfigurationIsVisible = 0;
			defaultConfigurationName = Release;
		};
		A609201C25D5BFC500E905B9 /* Build configuration list for PBXNativeTarget "CodecovDemoTests" */ = {
			isa = XCConfigurationList;
			buildConfigurations = (
				A609201D25D5BFC500E905B9 /* Debug */,
				A609201E25D5BFC500E905B9 /* Release */,
			);
			defaultConfigurationIsVisible = 0;
			defaultConfigurationName = Release;
		};
		A609201F25D5BFC500E905B9 /* Build configuration list for PBXNativeTarget "CodecovDemoUITests" */ = {
			isa = XCConfigurationList;
			buildConfigurations = (
				A609202025D5BFC500E905B9 /* Debug */,
				A609202125D5BFC500E905B9 /* Release */,
			);
			defaultConfigurationIsVisible = 0;
			defaultConfigurationName = Release;
		};
/* End XCConfigurationList section */
	};
	rootObject = A6091FE725D5BFC100E905B9 /* Project object */;
}
